
Microsoft Visual Studio Solution File, Format Version 12.00
# Visual Studio Version 17
VisualStudioVersion = 17.5.002.0
MinimumVisualStudioVersion = 10.0.40219.1
Project("{9A19103F-16F7-4668-BE54-9A1E7A4F7556}") = "RastreamentoWorkshopsWebApi", "RastreamentoWorkshopsWebApi\RastreamentoWorkshopsWebApi.csproj", "{7868FCA2-2A99-4429-BFAC-8554AD216C5B}"
EndProject
Global
	GlobalSection(SolutionConfigurationPlatforms) = preSolution
		Debug|Any CPU = Debug|Any CPU
		Release|Any CPU = Release|Any CPU
	EndGlobalSection
	GlobalSection(ProjectConfigurationPlatforms) = postSolution
		{7868FCA2-2A99-4429-BFAC-8554AD216C5B}.Debug|Any CPU.ActiveCfg = Debug|Any CPU
		{7868FCA2-2A99-4429-BFAC-8554AD216C5B}.Debug|Any CPU.Build.0 = Debug|Any CPU
		{7868FCA2-2A99-4429-BFAC-8554AD216C5B}.Release|Any CPU.ActiveCfg = Release|Any CPU
		{7868FCA2-2A99-4429-BFAC-8554AD216C5B}.Release|Any CPU.Build.0 = Release|Any CPU
		{A3C45852-224F-4B03-9092-DA981E3AF6CB}.Debug|Any CPU.ActiveCfg = Debug|Any CPU
		{A3C45852-224F-4B03-9092-DA981E3AF6CB}.Debug|Any CPU.Build.0 = Debug|Any CPU
		{A3C45852-224F-4B03-9092-DA981E3AF6CB}.Release|Any CPU.ActiveCfg = Release|Any CPU
		{A3C45852-224F-4B03-9092-DA981E3AF6CB}.Release|Any CPU.Build.0 = Release|Any CPU
	EndGlobalSection
	GlobalSection(SolutionProperties) = preSolution
		HideSolutionNode = FALSE
	EndGlobalSection
	GlobalSection(ExtensibilityGlobals) = postSolution
		SolutionGuid = {46E51362-158E-4264-B1EE-EC1EF6D36CA3}
	EndGlobalSection
EndGlobal
